
Microsoft Visual Studio Solution File, Format Version 12.00
# Visual Studio Version 17
VisualStudioVersion = 17.13.35919.96 d17.13
MinimumVisualStudioVersion = 10.0.40219.1
Project("{FAE04EC0-301F-11D3-BF4B-00C04F79EFBC}") = "mobsMinecraft-Aplicacion", "mobsMinecraft-Aplicacion\mobsMinecraft-Aplicacion.csproj", "{4EE5F5BF-2C6D-4005-B6CD-B8D0689DA5C2}"
EndProject
Global
	GlobalSection(SolutionConfigurationPlatforms) = preSolution
		Debug|Any CPU = Debug|Any CPU
		Release|Any CPU = Release|Any CPU
	EndGlobalSection
	GlobalSection(ProjectConfigurationPlatforms) = postSolution
		{4EE5F5BF-2C6D-4005-B6CD-B8D0689DA5C2}.Debug|Any CPU.ActiveCfg = Debug|Any CPU
		{4EE5F5BF-2C6D-4005-B6CD-B8D0689DA5C2}.Debug|Any CPU.Build.0 = Debug|Any CPU
		{4EE5F5BF-2C6D-4005-B6CD-B8D0689DA5C2}.Release|Any CPU.ActiveCfg = Release|Any CPU
		{4EE5F5BF-2C6D-4005-B6CD-B8D0689DA5C2}.Release|Any CPU.Build.0 = Release|Any CPU
	EndGlobalSection
	GlobalSection(SolutionProperties) = preSolution
		HideSolutionNode = FALSE
	EndGlobalSection
	GlobalSection(ExtensibilityGlobals) = postSolution
		SolutionGuid = {4E173DFD-C63C-4FE3-A590-E2470CB5ADBF}
	EndGlobalSection
EndGlobal
